{
    "version": 3,
    "terraform_version": "0.10.4",
    "serial": 13,
    "lineage": "b64f1552-fe80-4708-a990-55204e52e31b",
    "modules": [
        {
            "path": [
                "root"
            ],
            "outputs": {},
            "resources": {
                "digitalocean_droplet.k8s-node.0": {
                    "type": "digitalocean_droplet",
                    "depends_on": [
                        "digitalocean_ssh_key.default"
                    ],
                    "primary": {
                        "id": "61781379",
                        "attributes": {
                            "disk": "30",
                            "id": "61781379",
                            "image": "ubuntu-16-04-x64",
                            "ipv4_address": "146.185.159.123",
                            "locked": "false",
                            "name": "k8s-node-1",
                            "price_hourly": "0.01488",
                            "price_monthly": "10",
                            "region": "ams2",
                            "resize_disk": "true",
                            "size": "1gb",
                            "ssh_keys.#": "1",
                            "ssh_keys.0": "12833859",
                            "status": "active",
                            "tags.#": "0",
                            "vcpus": "1"
                        },
                        "meta": {},
                        "tainted": true
                    },
                    "deposed": [],
                    "provider": ""
                },
                "digitalocean_ssh_key.default": {
                    "type": "digitalocean_ssh_key",
                    "depends_on": [],
                    "primary": {
                        "id": "12833859",
                        "attributes": {
                            "fingerprint": "9b:c4:0f:b5:4e:86:42:34:81:03:71:0e:4f:d3:1e:40",
                            "id": "12833859",
                            "name": "Terraform Example Dino",
                            "public_key": "ssh-rsa AAAAB3NzaC1yc2EAAAABJQAAAIEArNtTXCiQ2gE3ebbwxIiNUf0Vip3io9CbwaYuMHvZ7ObbOmw8+EtUXYgGD35/ReZGYLyCaLLAGBaFmNFx1OmxPlrsLeubfSwRovMnT75oWUQo5CIEDLkcDljcKe5W13YbhKWxtLNiNlfI/Vbc+ovERgZaC+XFfuLgwzjNf8OdIr8="
                        },
                        "meta": {},
                        "tainted": false
                    },
                    "deposed": [],
                    "provider": ""
                }
            },
            "depends_on": []
        }
    ]
}
